
Microsoft Visual Studio Solution File, Format Version 12.00
# Visual Studio Version 17
VisualStudioVersion = 17.10.34928.147
MinimumVisualStudioVersion = 10.0.40219.1
Project("{FAE04EC0-301F-11D3-BF4B-00C04F79EFBC}") = "AKG1", "AKG1.csproj", "{7DA147CE-24A3-41DD-8D9B-746ACFFE87DE}"
EndProject
Global
	GlobalSection(SolutionConfigurationPlatforms) = preSolution
		Debug|Any CPU = Debug|Any CPU
		Release|Any CPU = Release|Any CPU
	EndGlobalSection
	GlobalSection(ProjectConfigurationPlatforms) = postSolution
		{7DA147CE-24A3-41DD-8D9B-746ACFFE87DE}.Debug|Any CPU.ActiveCfg = Debug|Any CPU
		{7DA147CE-24A3-41DD-8D9B-746ACFFE87DE}.Debug|Any CPU.Build.0 = Debug|Any CPU
		{7DA147CE-24A3-41DD-8D9B-746ACFFE87DE}.Release|Any CPU.ActiveCfg = Release|Any CPU
		{7DA147CE-24A3-41DD-8D9B-746ACFFE87DE}.Release|Any CPU.Build.0 = Release|Any CPU
	EndGlobalSection
	GlobalSection(SolutionProperties) = preSolution
		HideSolutionNode = FALSE
	EndGlobalSection
	GlobalSection(ExtensibilityGlobals) = postSolution
		SolutionGuid = {F4C42140-7C2C-4CF8-925C-35CB957B2DDC}
	EndGlobalSection
EndGlobal
