
Microsoft Visual Studio Solution File, Format Version 12.00
# Visual Studio Version 17
VisualStudioVersion = 17.10.34928.147
MinimumVisualStudioVersion = 10.0.40219.1
Project("{F2A71F9B-5D33-465A-A702-920D77279786}") = "net7", "net7.fsproj", "{17D24519-038A-4CC0-9764-460C23936EEB}"
EndProject
Global
	GlobalSection(SolutionConfigurationPlatforms) = preSolution
		Debug|Any CPU = Debug|Any CPU
		Release|Any CPU = Release|Any CPU
	EndGlobalSection
	GlobalSection(ProjectConfigurationPlatforms) = postSolution
		{17D24519-038A-4CC0-9764-460C23936EEB}.Debug|Any CPU.ActiveCfg = Debug|Any CPU
		{17D24519-038A-4CC0-9764-460C23936EEB}.Debug|Any CPU.Build.0 = Debug|Any CPU
		{17D24519-038A-4CC0-9764-460C23936EEB}.Release|Any CPU.ActiveCfg = Release|Any CPU
		{17D24519-038A-4CC0-9764-460C23936EEB}.Release|Any CPU.Build.0 = Release|Any CPU
	EndGlobalSection
	GlobalSection(SolutionProperties) = preSolution
		HideSolutionNode = FALSE
	EndGlobalSection
	GlobalSection(ExtensibilityGlobals) = postSolution
		SolutionGuid = {C4BD879F-1344-4D24-96DB-A55E88BBA12D}
	EndGlobalSection
EndGlobal
